
Microsoft Visual Studio Solution File, Format Version 12.00
# Visual Studio Version 16
VisualStudioVersion = 16.0.29728.190
MinimumVisualStudioVersion = 10.0.40219.1
Project("{FAE04EC0-301F-11D3-BF4B-00C04F79EFBC}") = "IPSConfigure.Android", "IPSConfigure.Android\IPSConfigure.Android.csproj", "{6DFFD9CD-2FE1-4446-9813-3946AB029522}"
EndProject
Project("{FAE04EC0-301F-11D3-BF4B-00C04F79EFBC}") = "IPSConfigure.iOS", "IPSConfigure.iOS\IPSConfigure.iOS.csproj", "{CFFC6F25-BC66-4143-8FD7-219035E8B442}"
EndProject
Project("{9A19103F-16F7-4668-BE54-9A1E7A4F7556}") = "IPSConfigure", "IPSConfigure\IPSConfigure.csproj", "{02E32F1E-2719-4AE6-8E8A-41853B4F0F79}"
EndProject
Project("{FAE04EC0-301F-11D3-BF4B-00C04F79EFBC}") = "UniversalBeacon.Library.Core", "UniversalBeacon.Library.Core\UniversalBeacon.Library.Core.csproj", "{39EA3C64-A24C-4F7C-89D0-03ED9C6D6B38}"
EndProject
Project("{D954291E-2A0B-460D-934E-DC6B0785DB48}") = "UniversalBeacon.Library.Cocoa", "UniversalBeacon.Library.Cocoa\UniversalBeacon.Library.Cocoa.shproj", "{2D1EF39A-A3B4-46B5-BFF0-FE0D59BDA92B}"
EndProject
Project("{FAE04EC0-301F-11D3-BF4B-00C04F79EFBC}") = "UniversalBeacon.Library.Android", "UniversalBeacon.Library.Android\UniversalBeacon.Library.Android.csproj", "{6ADC54D4-3B9B-495E-A2B8-F9CF5FD623CE}"
EndProject
Project("{FAE04EC0-301F-11D3-BF4B-00C04F79EFBC}") = "UniversalBeacon.Library.iOS", "UniversalBeacon.Library.iOS\UniversalBeacon.Library.iOS.csproj", "{430362FE-C759-4D51-890F-1BF8308FC99F}"
EndProject
Global
	GlobalSection(SolutionConfigurationPlatforms) = preSolution
		Debug|Any CPU = Debug|Any CPU
		Debug|iPhone = Debug|iPhone
		Debug|iPhoneSimulator = Debug|iPhoneSimulator
		Release|Any CPU = Release|Any CPU
		Release|iPhone = Release|iPhone
		Release|iPhoneSimulator = Release|iPhoneSimulator
	EndGlobalSection
	GlobalSection(ProjectConfigurationPlatforms) = postSolution
		{6DFFD9CD-2FE1-4446-9813-3946AB029522}.Debug|Any CPU.ActiveCfg = Debug|Any CPU
		{6DFFD9CD-2FE1-4446-9813-3946AB029522}.Debug|Any CPU.Build.0 = Debug|Any CPU
		{6DFFD9CD-2FE1-4446-9813-3946AB029522}.Debug|Any CPU.Deploy.0 = Debug|Any CPU
		{6DFFD9CD-2FE1-4446-9813-3946AB029522}.Debug|iPhone.ActiveCfg = Debug|Any CPU
		{6DFFD9CD-2FE1-4446-9813-3946AB029522}.Debug|iPhone.Build.0 = Debug|Any CPU
		{6DFFD9CD-2FE1-4446-9813-3946AB029522}.Debug|iPhone.Deploy.0 = Debug|Any CPU
		{6DFFD9CD-2FE1-4446-9813-3946AB029522}.Debug|iPhoneSimulator.ActiveCfg = Debug|Any CPU
		{6DFFD9CD-2FE1-4446-9813-3946AB029522}.Debug|iPhoneSimulator.Build.0 = Debug|Any CPU
		{6DFFD9CD-2FE1-4446-9813-3946AB029522}.Debug|iPhoneSimulator.Deploy.0 = Debug|Any CPU
		{6DFFD9CD-2FE1-4446-9813-3946AB029522}.Release|Any CPU.ActiveCfg = Release|Any CPU
		{6DFFD9CD-2FE1-4446-9813-3946AB029522}.Release|Any CPU.Build.0 = Release|Any CPU
		{6DFFD9CD-2FE1-4446-9813-3946AB029522}.Release|Any CPU.Deploy.0 = Release|Any CPU
		{6DFFD9CD-2FE1-4446-9813-3946AB029522}.Release|iPhone.ActiveCfg = Release|Any CPU
		{6DFFD9CD-2FE1-4446-9813-3946AB029522}.Release|iPhone.Build.0 = Release|Any CPU
		{6DFFD9CD-2FE1-4446-9813-3946AB029522}.Release|iPhone.Deploy.0 = Release|Any CPU
		{6DFFD9CD-2FE1-4446-9813-3946AB029522}.Release|iPhoneSimulator.ActiveCfg = Release|Any CPU
		{6DFFD9CD-2FE1-4446-9813-3946AB029522}.Release|iPhoneSimulator.Build.0 = Release|Any CPU
		{6DFFD9CD-2FE1-4446-9813-3946AB029522}.Release|iPhoneSimulator.Deploy.0 = Release|Any CPU
		{CFFC6F25-BC66-4143-8FD7-219035E8B442}.Debug|Any CPU.ActiveCfg = Debug|iPhoneSimulator
		{CFFC6F25-BC66-4143-8FD7-219035E8B442}.Debug|Any CPU.Build.0 = Debug|iPhoneSimulator
		{CFFC6F25-BC66-4143-8FD7-219035E8B442}.Debug|Any CPU.Deploy.0 = Debug|iPhoneSimulator
		{CFFC6F25-BC66-4143-8FD7-219035E8B442}.Debug|iPhone.ActiveCfg = Debug|iPhone
		{CFFC6F25-BC66-4143-8FD7-219035E8B442}.Debug|iPhone.Build.0 = Debug|iPhone
		{CFFC6F25-BC66-4143-8FD7-219035E8B442}.Debug|iPhone.Deploy.0 = Debug|iPhone
		{CFFC6F25-BC66-4143-8FD7-219035E8B442}.Debug|iPhoneSimulator.ActiveCfg = Debug|iPhoneSimulator
		{CFFC6F25-BC66-4143-8FD7-219035E8B442}.Debug|iPhoneSimulator.Build.0 = Debug|iPhoneSimulator
		{CFFC6F25-BC66-4143-8FD7-219035E8B442}.Debug|iPhoneSimulator.Deploy.0 = Debug|iPhoneSimulator
		{CFFC6F25-BC66-4143-8FD7-219035E8B442}.Release|Any CPU.ActiveCfg = Release|iPhone
		{CFFC6F25-BC66-4143-8FD7-219035E8B442}.Release|Any CPU.Build.0 = Release|iPhone
		{CFFC6F25-BC66-4143-8FD7-219035E8B442}.Release|Any CPU.Deploy.0 = Release|iPhone
		{CFFC6F25-BC66-4143-8FD7-219035E8B442}.Release|iPhone.ActiveCfg = Release|iPhone
		{CFFC6F25-BC66-4143-8FD7-219035E8B442}.Release|iPhone.Build.0 = Release|iPhone
		{CFFC6F25-BC66-4143-8FD7-219035E8B442}.Release|iPhone.Deploy.0 = Release|iPhone
		{CFFC6F25-BC66-4143-8FD7-219035E8B442}.Release|iPhoneSimulator.ActiveCfg = Release|iPhoneSimulator
		{CFFC6F25-BC66-4143-8FD7-219035E8B442}.Release|iPhoneSimulator.Build.0 = Release|iPhoneSimulator
		{CFFC6F25-BC66-4143-8FD7-219035E8B442}.Release|iPhoneSimulator.Deploy.0 = Release|iPhoneSimulator
		{02E32F1E-2719-4AE6-8E8A-41853B4F0F79}.Debug|Any CPU.ActiveCfg = Debug|Any CPU
		{02E32F1E-2719-4AE6-8E8A-41853B4F0F79}.Debug|Any CPU.Build.0 = Debug|Any CPU
		{02E32F1E-2719-4AE6-8E8A-41853B4F0F79}.Debug|Any CPU.Deploy.0 = Debug|Any CPU
		{02E32F1E-2719-4AE6-8E8A-41853B4F0F79}.Debug|iPhone.ActiveCfg = Debug|Any CPU
		{02E32F1E-2719-4AE6-8E8A-41853B4F0F79}.Debug|iPhone.Build.0 = Debug|Any CPU
		{02E32F1E-2719-4AE6-8E8A-41853B4F0F79}.Debug|iPhone.Deploy.0 = Debug|Any CPU
		{02E32F1E-2719-4AE6-8E8A-41853B4F0F79}.Debug|iPhoneSimulator.ActiveCfg = Debug|Any CPU
		{02E32F1E-2719-4AE6-8E8A-41853B4F0F79}.Debug|iPhoneSimulator.Build.0 = Debug|Any CPU
		{02E32F1E-2719-4AE6-8E8A-41853B4F0F79}.Debug|iPhoneSimulator.Deploy.0 = Debug|Any CPU
		{02E32F1E-2719-4AE6-8E8A-41853B4F0F79}.Release|Any CPU.ActiveCfg = Release|Any CPU
		{02E32F1E-2719-4AE6-8E8A-41853B4F0F79}.Release|Any CPU.Build.0 = Release|Any CPU
		{02E32F1E-2719-4AE6-8E8A-41853B4F0F79}.Release|Any CPU.Deploy.0 = Release|Any CPU
		{02E32F1E-2719-4AE6-8E8A-41853B4F0F79}.Release|iPhone.ActiveCfg = Release|Any CPU
		{02E32F1E-2719-4AE6-8E8A-41853B4F0F79}.Release|iPhone.Build.0 = Release|Any CPU
		{02E32F1E-2719-4AE6-8E8A-41853B4F0F79}.Release|iPhone.Deploy.0 = Release|Any CPU
		{02E32F1E-2719-4AE6-8E8A-41853B4F0F79}.Release|iPhoneSimulator.ActiveCfg = Release|Any CPU
		{02E32F1E-2719-4AE6-8E8A-41853B4F0F79}.Release|iPhoneSimulator.Build.0 = Release|Any CPU
		{02E32F1E-2719-4AE6-8E8A-41853B4F0F79}.Release|iPhoneSimulator.Deploy.0 = Release|Any CPU
		{39EA3C64-A24C-4F7C-89D0-03ED9C6D6B38}.Debug|Any CPU.ActiveCfg = Debug|Any CPU
		{39EA3C64-A24C-4F7C-89D0-03ED9C6D6B38}.Debug|Any CPU.Build.0 = Debug|Any CPU
		{39EA3C64-A24C-4F7C-89D0-03ED9C6D6B38}.Debug|iPhone.ActiveCfg = Debug|Any CPU
		{39EA3C64-A24C-4F7C-89D0-03ED9C6D6B38}.Debug|iPhone.Build.0 = Debug|Any CPU
		{39EA3C64-A24C-4F7C-89D0-03ED9C6D6B38}.Debug|iPhoneSimulator.ActiveCfg = Debug|Any CPU
		{39EA3C64-A24C-4F7C-89D0-03ED9C6D6B38}.Debug|iPhoneSimulator.Build.0 = Debug|Any CPU
		{39EA3C64-A24C-4F7C-89D0-03ED9C6D6B38}.Release|Any CPU.ActiveCfg = Release|Any CPU
		{39EA3C64-A24C-4F7C-89D0-03ED9C6D6B38}.Release|Any CPU.Build.0 = Release|Any CPU
		{39EA3C64-A24C-4F7C-89D0-03ED9C6D6B38}.Release|iPhone.ActiveCfg = Release|Any CPU
		{39EA3C64-A24C-4F7C-89D0-03ED9C6D6B38}.Release|iPhone.Build.0 = Release|Any CPU
		{39EA3C64-A24C-4F7C-89D0-03ED9C6D6B38}.Release|iPhoneSimulator.ActiveCfg = Release|Any CPU
		{39EA3C64-A24C-4F7C-89D0-03ED9C6D6B38}.Release|iPhoneSimulator.Build.0 = Release|Any CPU
		{6ADC54D4-3B9B-495E-A2B8-F9CF5FD623CE}.Debug|Any CPU.ActiveCfg = Debug|Any CPU
		{6ADC54D4-3B9B-495E-A2B8-F9CF5FD623CE}.Debug|Any CPU.Build.0 = Debug|Any CPU
		{6ADC54D4-3B9B-495E-A2B8-F9CF5FD623CE}.Debug|iPhone.ActiveCfg = Debug|Any CPU
		{6ADC54D4-3B9B-495E-A2B8-F9CF5FD623CE}.Debug|iPhone.Build.0 = Debug|Any CPU
		{6ADC54D4-3B9B-495E-A2B8-F9CF5FD623CE}.Debug|iPhoneSimulator.ActiveCfg = Debug|Any CPU
		{6ADC54D4-3B9B-495E-A2B8-F9CF5FD623CE}.Debug|iPhoneSimulator.Build.0 = Debug|Any CPU
		{6ADC54D4-3B9B-495E-A2B8-F9CF5FD623CE}.Release|Any CPU.ActiveCfg = Release|Any CPU
		{6ADC54D4-3B9B-495E-A2B8-F9CF5FD623CE}.Release|Any CPU.Build.0 = Release|Any CPU
		{6ADC54D4-3B9B-495E-A2B8-F9CF5FD623CE}.Release|iPhone.ActiveCfg = Release|Any CPU
		{6ADC54D4-3B9B-495E-A2B8-F9CF5FD623CE}.Release|iPhone.Build.0 = Release|Any CPU
		{6ADC54D4-3B9B-495E-A2B8-F9CF5FD623CE}.Release|iPhoneSimulator.ActiveCfg = Release|Any CPU
		{6ADC54D4-3B9B-495E-A2B8-F9CF5FD623CE}.Release|iPhoneSimulator.Build.0 = Release|Any CPU
		{430362FE-C759-4D51-890F-1BF8308FC99F}.Debug|Any CPU.ActiveCfg = Debug|Any CPU
		{430362FE-C759-4D51-890F-1BF8308FC99F}.Debug|Any CPU.Build.0 = Debug|Any CPU
		{430362FE-C759-4D51-890F-1BF8308FC99F}.Debug|iPhone.ActiveCfg = Debug|Any CPU
		{430362FE-C759-4D51-890F-1BF8308FC99F}.Debug|iPhone.Build.0 = Debug|Any CPU
		{430362FE-C759-4D51-890F-1BF8308FC99F}.Debug|iPhoneSimulator.ActiveCfg = Debug|Any CPU
		{430362FE-C759-4D51-890F-1BF8308FC99F}.Debug|iPhoneSimulator.Build.0 = Debug|Any CPU
		{430362FE-C759-4D51-890F-1BF8308FC99F}.Release|Any CPU.ActiveCfg = Release|Any CPU
		{430362FE-C759-4D51-890F-1BF8308FC99F}.Release|Any CPU.Build.0 = Release|Any CPU
		{430362FE-C759-4D51-890F-1BF8308FC99F}.Release|iPhone.ActiveCfg = Release|Any CPU
		{430362FE-C759-4D51-890F-1BF8308FC99F}.Release|iPhone.Build.0 = Release|Any CPU
		{430362FE-C759-4D51-890F-1BF8308FC99F}.Release|iPhoneSimulator.ActiveCfg = Release|Any CPU
		{430362FE-C759-4D51-890F-1BF8308FC99F}.Release|iPhoneSimulator.Build.0 = Release|Any CPU
	EndGlobalSection
	GlobalSection(SolutionProperties) = preSolution
		HideSolutionNode = FALSE
	EndGlobalSection
	GlobalSection(ExtensibilityGlobals) = postSolution
		SolutionGuid = {2D313277-3CBA-4C1D-8409-AE837A584FC2}
	EndGlobalSection
EndGlobal
